
Microsoft Visual Studio Solution File, Format Version 12.00
# Visual Studio 15
VisualStudioVersion = 15.0.27703.2000
MinimumVisualStudioVersion = 10.0.40219.1
Project("{FAE04EC0-301F-11D3-BF4B-00C04F79EFBC}") = "DiDong", "DiDong\DiDong.csproj", "{E86249E9-EAD2-48EB-8309-5B46614049EE}"
EndProject
Project("{FAE04EC0-301F-11D3-BF4B-00C04F79EFBC}") = "SchemaSpec", "SchemaSpec\SchemaSpec.csproj", "{24B00DE8-E323-4F11-A65A-D9E87DACBB81}"
EndProject
Global
	GlobalSection(SolutionConfigurationPlatforms) = preSolution
		Debug|Any CPU = Debug|Any CPU
		Release|Any CPU = Release|Any CPU
	EndGlobalSection
	GlobalSection(ProjectConfigurationPlatforms) = postSolution
		{E86249E9-EAD2-48EB-8309-5B46614049EE}.Debug|Any CPU.ActiveCfg = Debug|Any CPU
		{E86249E9-EAD2-48EB-8309-5B46614049EE}.Debug|Any CPU.Build.0 = Debug|Any CPU
		{E86249E9-EAD2-48EB-8309-5B46614049EE}.Release|Any CPU.ActiveCfg = Release|Any CPU
		{E86249E9-EAD2-48EB-8309-5B46614049EE}.Release|Any CPU.Build.0 = Release|Any CPU
		{24B00DE8-E323-4F11-A65A-D9E87DACBB81}.Debug|Any CPU.ActiveCfg = Debug|Any CPU
		{24B00DE8-E323-4F11-A65A-D9E87DACBB81}.Debug|Any CPU.Build.0 = Debug|Any CPU
		{24B00DE8-E323-4F11-A65A-D9E87DACBB81}.Release|Any CPU.ActiveCfg = Release|Any CPU
		{24B00DE8-E323-4F11-A65A-D9E87DACBB81}.Release|Any CPU.Build.0 = Release|Any CPU
	EndGlobalSection
	GlobalSection(SolutionProperties) = preSolution
		HideSolutionNode = FALSE
	EndGlobalSection
	GlobalSection(ExtensibilityGlobals) = postSolution
		SolutionGuid = {BF719CC8-2D6E-45A6-96E1-8ED4D68DB950}
	EndGlobalSection
EndGlobal
